<?xml version="1.0" encoding="UTF-8" standalone="yes" ?>
<CodeBlocks_project_file>
	<FileVersion major="1" minor="6" />
	<Project>
		<Option title="Sistema" />
		<Option pch_mode="2" />
		<Option compiler="gcc" />
		<Build>
			<Target title="Debug">
				<Option output="bin/Debug/Sistema" prefix_auto="1" extension_auto="1" />
				<Option object_output="obj/Debug/" />
				<Option type="1" />
				<Option compiler="gcc" />
				<Compiler>
					<Add option="-g" />
				</Compiler>
			</Target>
			<Target title="Release">
				<Option output="bin/Release/Sistema" prefix_auto="1" extension_auto="1" />
				<Option object_output="obj/Release/" />
				<Option type="1" />
				<Option compiler="gcc" />
				<Compiler>
					<Add option="-O2" />
				</Compiler>
				<Linker>
					<Add option="-s" />
				</Linker>
			</Target>
		</Build>
		<Compiler>
			<Add option="-Wall" />
		</Compiler>
		<Unit filename="CadastroDeClientes.c">
			<Option compilerVar="CC" />
		</Unit>
		<Unit filename="CadastroDeClientes.h" />
		<Unit filename="Config.c">
			<Option compilerVar="CC" />
		</Unit>
		<Unit filename="Config.h" />
		<Unit filename="ConfigCorMenu.c">
			<Option compilerVar="CC" />
		</Unit>
		<Unit filename="ConfigCorMenu.h" />
		<Unit filename="ConfigModulos.c">
			<Option compilerVar="CC" />
		</Unit>
		<Unit filename="ConfigModulos.h" />
		<Unit filename="ConfirmaAddClientes.c">
			<Option compilerVar="CC" />
		</Unit>
		<Unit filename="ConfirmaAddClientes.h" />
		<Unit filename="MensagemDeErroAbrirArquivo.c">
			<Option compilerVar="CC" />
		</Unit>
		<Unit filename="MensagemDeErroAbrirArquivo.h" />
		<Unit filename="Menu.c">
			<Option compilerVar="CC" />
		</Unit>
		<Unit filename="Menu.h" />
		<Unit filename="TopoSistema.c">
			<Option compilerVar="CC" />
		</Unit>
		<Unit filename="TopoSistema.h" />
		<Unit filename="main.c">
			<Option compilerVar="CC" />
		</Unit>
		<Extensions>
			<lib_finder disable_auto="1" />
		</Extensions>
	</Project>
</CodeBlocks_project_file>
